
Microsoft Visual Studio Solution File, Format Version 12.00
# Visual Studio Version 17
VisualStudioVersion = 17.0.31612.314
MinimumVisualStudioVersion = 10.0.40219.1
Project("{9A19103F-16F7-4668-BE54-9A1E7A4F7556}") = "BlockChain_PoC", "BlockChain_PoC\BlockChain_PoC.csproj", "{0A8D3A5F-FFD3-4582-915A-6EF4C27EA6C3}"
EndProject
Global
	GlobalSection(SolutionConfigurationPlatforms) = preSolution
		Debug|Any CPU = Debug|Any CPU
		Release|Any CPU = Release|Any CPU
	EndGlobalSection
	GlobalSection(ProjectConfigurationPlatforms) = postSolution
		{0A8D3A5F-FFD3-4582-915A-6EF4C27EA6C3}.Debug|Any CPU.ActiveCfg = Debug|Any CPU
		{0A8D3A5F-FFD3-4582-915A-6EF4C27EA6C3}.Debug|Any CPU.Build.0 = Debug|Any CPU
		{0A8D3A5F-FFD3-4582-915A-6EF4C27EA6C3}.Release|Any CPU.ActiveCfg = Release|Any CPU
		{0A8D3A5F-FFD3-4582-915A-6EF4C27EA6C3}.Release|Any CPU.Build.0 = Release|Any CPU
	EndGlobalSection
	GlobalSection(SolutionProperties) = preSolution
		HideSolutionNode = FALSE
	EndGlobalSection
	GlobalSection(ExtensibilityGlobals) = postSolution
		SolutionGuid = {60207C51-BB59-4B7B-BD4B-36D48421AAB3}
	EndGlobalSection
EndGlobal
