
Microsoft Visual Studio Solution File, Format Version 12.00
# Visual Studio Version 17
VisualStudioVersion = 17.0.31612.314
MinimumVisualStudioVersion = 10.0.40219.1
Project("{9A19103F-16F7-4668-BE54-9A1E7A4F7556}") = "ChatStorage_PoC", "ChatStorage_PoC\ChatStorage_PoC.csproj", "{D7B980B2-C2C2-4373-B47B-8ABDC96E4128}"
EndProject
Project("{9A19103F-16F7-4668-BE54-9A1E7A4F7556}") = "Puppeteer_Browserless_PoC", "Puppeteer_Browserless_PoC\Puppeteer_Browserless_PoC.csproj", "{CBCFFE68-FCAA-495F-B6DA-A4BCDF0EC4E0}"
EndProject
Project("{FAE04EC0-301F-11D3-BF4B-00C04F79EFBC}") = "BlockChain_PoC", "BlockChain_PoC\BlockChain_PoC.csproj", "{0A8D3A5F-FFD3-4582-915A-6EF4C27EA6C3}"
EndProject
Global
	GlobalSection(SolutionConfigurationPlatforms) = preSolution
		Debug|Any CPU = Debug|Any CPU
		Release|Any CPU = Release|Any CPU
	EndGlobalSection
	GlobalSection(ProjectConfigurationPlatforms) = postSolution
		{D7B980B2-C2C2-4373-B47B-8ABDC96E4128}.Debug|Any CPU.ActiveCfg = Debug|Any CPU
		{D7B980B2-C2C2-4373-B47B-8ABDC96E4128}.Debug|Any CPU.Build.0 = Debug|Any CPU
		{D7B980B2-C2C2-4373-B47B-8ABDC96E4128}.Release|Any CPU.ActiveCfg = Release|Any CPU
		{D7B980B2-C2C2-4373-B47B-8ABDC96E4128}.Release|Any CPU.Build.0 = Release|Any CPU
		{CBCFFE68-FCAA-495F-B6DA-A4BCDF0EC4E0}.Debug|Any CPU.ActiveCfg = Debug|Any CPU
		{CBCFFE68-FCAA-495F-B6DA-A4BCDF0EC4E0}.Debug|Any CPU.Build.0 = Debug|Any CPU
		{CBCFFE68-FCAA-495F-B6DA-A4BCDF0EC4E0}.Release|Any CPU.ActiveCfg = Release|Any CPU
		{CBCFFE68-FCAA-495F-B6DA-A4BCDF0EC4E0}.Release|Any CPU.Build.0 = Release|Any CPU
		{0A8D3A5F-FFD3-4582-915A-6EF4C27EA6C3}.Debug|Any CPU.ActiveCfg = Debug|Any CPU
		{0A8D3A5F-FFD3-4582-915A-6EF4C27EA6C3}.Debug|Any CPU.Build.0 = Debug|Any CPU
		{0A8D3A5F-FFD3-4582-915A-6EF4C27EA6C3}.Release|Any CPU.ActiveCfg = Release|Any CPU
		{0A8D3A5F-FFD3-4582-915A-6EF4C27EA6C3}.Release|Any CPU.Build.0 = Release|Any CPU
	EndGlobalSection
	GlobalSection(SolutionProperties) = preSolution
		HideSolutionNode = FALSE
	EndGlobalSection
	GlobalSection(ExtensibilityGlobals) = postSolution
		SolutionGuid = {60207C51-BB59-4B7B-BD4B-36D48421AAB3}
	EndGlobalSection
EndGlobal
